
Microsoft Visual Studio Solution File, Format Version 12.00
# Visual Studio Version 16
VisualStudioVersion = 16.0.30204.135
MinimumVisualStudioVersion = 10.0.40219.1
Project("{9A19103F-16F7-4668-BE54-9A1E7A4F7556}") = "Loc_WebApi", "Loc_WebApi.csproj", "{B7F81ED2-03B5-485E-97B4-87540FCA13B0}"
EndProject
Global
	GlobalSection(SolutionConfigurationPlatforms) = preSolution
		Debug|Any CPU = Debug|Any CPU
		Release|Any CPU = Release|Any CPU
	EndGlobalSection
	GlobalSection(ProjectConfigurationPlatforms) = postSolution
		{B7F81ED2-03B5-485E-97B4-87540FCA13B0}.Debug|Any CPU.ActiveCfg = Debug|Any CPU
		{B7F81ED2-03B5-485E-97B4-87540FCA13B0}.Debug|Any CPU.Build.0 = Debug|Any CPU
		{B7F81ED2-03B5-485E-97B4-87540FCA13B0}.Release|Any CPU.ActiveCfg = Release|Any CPU
		{B7F81ED2-03B5-485E-97B4-87540FCA13B0}.Release|Any CPU.Build.0 = Release|Any CPU
	EndGlobalSection
	GlobalSection(SolutionProperties) = preSolution
		HideSolutionNode = FALSE
	EndGlobalSection
	GlobalSection(ExtensibilityGlobals) = postSolution
		SolutionGuid = {6F585FD4-3FF2-4536-8651-384A68452C64}
	EndGlobalSection
EndGlobal
